
Microsoft Visual Studio Solution File, Format Version 12.00
# Visual Studio Version 18
VisualStudioVersion = 18.4.11702.344
MinimumVisualStudioVersion = 10.0.40219.1
Project("{FAE04EC0-301F-11D3-BF4B-00C04F79EFBC}") = "SaemDesk", "SaemDesk.csproj", "{DF1AC8F8-9951-05DB-099D-DF5DD04EEBF2}"
EndProject
Project("{FAE04EC0-301F-11D3-BF4B-00C04F79EFBC}") = "SaemDesk.HtmlEditor", "SaemDesk.HtmlEditor\SaemDesk.HtmlEditor.csproj", "{32EE3214-8DCA-4B86-AE5D-AE97ECCD7156}"
EndProject
Project("{FAE04EC0-301F-11D3-BF4B-00C04F79EFBC}") = "SaemDesk.HtmlEditor.TestApp", "SaemDesk.HtmlEditor.TestApp\SaemDesk.HtmlEditor.TestApp.csproj", "{C0D76318-17B3-4D6F-903F-C24BB36C5E96}"
EndProject
Global
	GlobalSection(SolutionConfigurationPlatforms) = preSolution
		Debug|Any CPU = Debug|Any CPU
		Debug|x64 = Debug|x64
		Debug|x86 = Debug|x86
		Release|Any CPU = Release|Any CPU
		Release|x64 = Release|x64
		Release|x86 = Release|x86
	EndGlobalSection
	GlobalSection(ProjectConfigurationPlatforms) = postSolution
		{DF1AC8F8-9951-05DB-099D-DF5DD04EEBF2}.Debug|Any CPU.ActiveCfg = Debug|Any CPU
		{DF1AC8F8-9951-05DB-099D-DF5DD04EEBF2}.Debug|Any CPU.Build.0 = Debug|Any CPU
		{DF1AC8F8-9951-05DB-099D-DF5DD04EEBF2}.Debug|x64.ActiveCfg = Debug|Any CPU
		{DF1AC8F8-9951-05DB-099D-DF5DD04EEBF2}.Debug|x64.Build.0 = Debug|Any CPU
		{DF1AC8F8-9951-05DB-099D-DF5DD04EEBF2}.Debug|x86.ActiveCfg = Debug|Any CPU
		{DF1AC8F8-9951-05DB-099D-DF5DD04EEBF2}.Debug|x86.Build.0 = Debug|Any CPU
		{DF1AC8F8-9951-05DB-099D-DF5DD04EEBF2}.Release|Any CPU.ActiveCfg = Release|Any CPU
		{DF1AC8F8-9951-05DB-099D-DF5DD04EEBF2}.Release|Any CPU.Build.0 = Release|Any CPU
		{DF1AC8F8-9951-05DB-099D-DF5DD04EEBF2}.Release|x64.ActiveCfg = Release|Any CPU
		{DF1AC8F8-9951-05DB-099D-DF5DD04EEBF2}.Release|x64.Build.0 = Release|Any CPU
		{DF1AC8F8-9951-05DB-099D-DF5DD04EEBF2}.Release|x86.ActiveCfg = Release|Any CPU
		{DF1AC8F8-9951-05DB-099D-DF5DD04EEBF2}.Release|x86.Build.0 = Release|Any CPU
		{32EE3214-8DCA-4B86-AE5D-AE97ECCD7156}.Debug|Any CPU.ActiveCfg = Debug|Any CPU
		{32EE3214-8DCA-4B86-AE5D-AE97ECCD7156}.Debug|Any CPU.Build.0 = Debug|Any CPU
		{32EE3214-8DCA-4B86-AE5D-AE97ECCD7156}.Debug|x64.ActiveCfg = Debug|Any CPU
		{32EE3214-8DCA-4B86-AE5D-AE97ECCD7156}.Debug|x64.Build.0 = Debug|Any CPU
		{32EE3214-8DCA-4B86-AE5D-AE97ECCD7156}.Debug|x86.ActiveCfg = Debug|Any CPU
		{32EE3214-8DCA-4B86-AE5D-AE97ECCD7156}.Debug|x86.Build.0 = Debug|Any CPU
		{32EE3214-8DCA-4B86-AE5D-AE97ECCD7156}.Release|Any CPU.ActiveCfg = Release|Any CPU
		{32EE3214-8DCA-4B86-AE5D-AE97ECCD7156}.Release|Any CPU.Build.0 = Release|Any CPU
		{32EE3214-8DCA-4B86-AE5D-AE97ECCD7156}.Release|x64.ActiveCfg = Release|Any CPU
		{32EE3214-8DCA-4B86-AE5D-AE97ECCD7156}.Release|x64.Build.0 = Release|Any CPU
		{32EE3214-8DCA-4B86-AE5D-AE97ECCD7156}.Release|x86.ActiveCfg = Release|Any CPU
		{32EE3214-8DCA-4B86-AE5D-AE97ECCD7156}.Release|x86.Build.0 = Release|Any CPU
		{C0D76318-17B3-4D6F-903F-C24BB36C5E96}.Debug|Any CPU.ActiveCfg = Debug|Any CPU
		{C0D76318-17B3-4D6F-903F-C24BB36C5E96}.Debug|Any CPU.Build.0 = Debug|Any CPU
		{C0D76318-17B3-4D6F-903F-C24BB36C5E96}.Debug|x64.ActiveCfg = Debug|Any CPU
		{C0D76318-17B3-4D6F-903F-C24BB36C5E96}.Debug|x64.Build.0 = Debug|Any CPU
		{C0D76318-17B3-4D6F-903F-C24BB36C5E96}.Debug|x86.ActiveCfg = Debug|Any CPU
		{C0D76318-17B3-4D6F-903F-C24BB36C5E96}.Debug|x86.Build.0 = Debug|Any CPU
		{C0D76318-17B3-4D6F-903F-C24BB36C5E96}.Release|Any CPU.ActiveCfg = Release|Any CPU
		{C0D76318-17B3-4D6F-903F-C24BB36C5E96}.Release|Any CPU.Build.0 = Release|Any CPU
		{C0D76318-17B3-4D6F-903F-C24BB36C5E96}.Release|x64.ActiveCfg = Release|Any CPU
		{C0D76318-17B3-4D6F-903F-C24BB36C5E96}.Release|x64.Build.0 = Release|Any CPU
		{C0D76318-17B3-4D6F-903F-C24BB36C5E96}.Release|x86.ActiveCfg = Release|Any CPU
		{C0D76318-17B3-4D6F-903F-C24BB36C5E96}.Release|x86.Build.0 = Release|Any CPU
	EndGlobalSection
	GlobalSection(SolutionProperties) = preSolution
		HideSolutionNode = FALSE
	EndGlobalSection
	GlobalSection(ExtensibilityGlobals) = postSolution
		SolutionGuid = {EE33F2C3-DBA5-4CAB-8742-D1E20B41273E}
	EndGlobalSection
EndGlobal
